{
  "name": "filtersheroeswebsite",
  "version": "1.0.0",
  "lockfileVersion": 3,
  "requires": true,
  "packages": {
    "": {
      "name": "filtersheroeswebsite",
      "version": "1.0.0",
      "license": "CC BY-SA 4.0",
      "dependencies": {
        "@tsndr/cloudflare-worker-jwt": "^2.5.3"
      }
    },
    "node_modules/@tsndr/cloudflare-worker-jwt": {
      "version": "2.5.3",
      "resolved": "https://registry.npmjs.org/@tsndr/cloudflare-worker-jwt/-/cloudflare-worker-jwt-2.5.3.tgz",
      "integrity": "sha512-zbdvjRG86y/ObiBgTJrzBC39t2FcaeGwB6AV7VO4LvHKJNyZvLYRbKT68eaoJhnJldyHhs7yZ69neRVdUd9knA==",
      "license": "MIT"
    }
  }
}
