lockfileVersion: '9.0'

settings:
  autoInstallPeers: true
  excludeLinksFromLockfile: false

importers:

  .:
    dependencies:
      '@tsndr/cloudflare-worker-jwt':
        specifier: ^3.2.0
        version: 3.2.0

packages:

  '@tsndr/cloudflare-worker-jwt@3.2.0':
    resolution: {integrity: sha512-y45452JzKxFDfCUHNGrdgIcrJTkYa6xtrKtCQTjKj+hjzw8dOHF9R0uGuU8WxvCCMi4sMzZ1KREnZTsTy7DsiQ==}

snapshots:

  '@tsndr/cloudflare-worker-jwt@3.2.0': {}
